Microsoft Visual Studio Solution File, Format Version 11.00
# Visual Studio 2008

Project("{C4B290FD-82C1-BCBB-6C53-BADBC1FC0AFF}") = "3DWebsite", "Assembly-CSharp-firstpass-vs.csproj", "{91B9C512-4B8C-FCCD-3DC6-22E6EC4B9FBD}"
EndProject
Global
	GlobalSection(SolutionConfigurationPlatforms) = preSolution
		Debug|Any CPU = Debug|Any CPU
		Release|Any CPU = Release|Any CPU
	EndGlobalSection
	GlobalSection(ProjectConfigurationPlatforms) = postSolution
		{91B9C512-4B8C-FCCD-3DC6-22E6EC4B9FBD}.Debug|Any CPU.ActiveCfg = Debug|Any CPU
		{91B9C512-4B8C-FCCD-3DC6-22E6EC4B9FBD}.Debug|Any CPU.Build.0 = Debug|Any CPU
		{91B9C512-4B8C-FCCD-3DC6-22E6EC4B9FBD}.Release|Any CPU.ActiveCfg = Release|Any CPU
		{91B9C512-4B8C-FCCD-3DC6-22E6EC4B9FBD}.Release|Any CPU.Build.0 = Release|Any CPU
	EndGlobalSection
	GlobalSection(SolutionProperties) = preSolution
		HideSolutionNode = FALSE
	EndGlobalSection
		GlobalSection(MonoDevelopProperties) = preSolution
		StartupItem = Assembly-CSharp.csproj
		Policies = $0
		$0.TextStylePolicy = $1
		$1.inheritsSet = null
		$1.scope = text/x-csharp
		$0.CSharpFormattingPolicy = $2
		$2.inheritsSet = Mono
		$2.inheritsScope = text/x-csharp
		$2.scope = text/x-csharp
		$0.TextStylePolicy = $3
		$3.FileWidth = 120
		$3.TabWidth = 4
		$3.EolMarker = Unix
		$3.inheritsSet = Mono
		$3.inheritsScope = text/plain
		$3.scope = text/plain
	EndGlobalSection

EndGlobal
